
Microsoft Visual Studio Solution File, Format Version 12.00
# Visual Studio 2013
VisualStudioVersion = 12.0.31101.0
MinimumVisualStudioVersion = 10.0.40219.1
Project("{FAE04EC0-301F-11D3-BF4B-00C04F79EFBC}") = "SdkExample1DocumentAssembly", "SdkExample1DocumentAssembly\SdkExample1DocumentAssembly.csproj", "{4C7A0ED3-BBB4-4E21-A30B-177014BEFC57}"
EndProject
Project("{FAE04EC0-301F-11D3-BF4B-00C04F79EFBC}") = "SdkExample2AnswerCollection", "SdkExample2AnswerCollection\SdkExample2AnswerCollection.csproj", "{0B4E106C-75CC-4B6C-BC61-1C156C876E4D}"
EndProject
Project("{FAE04EC0-301F-11D3-BF4B-00C04F79EFBC}") = "CloudServicesAPIExample1Upload", "CloudServicesAPIExample1Upload\CloudServicesAPIExample1Upload.csproj", "{9A701715-84A7-4D67-8D37-E887D4E27A13}"
EndProject
Project("{FAE04EC0-301F-11D3-BF4B-00C04F79EFBC}") = "SdkExample3InterviewFragment", "SdkExample3InterviewFragment\SdkExample3InterviewFragment.csproj", "{700435AB-3BA4-4E35-96FA-511A93918627}"
EndProject
Project("{FAE04EC0-301F-11D3-BF4B-00C04F79EFBC}") = "SdkExample4InterviewDisplay", "SdkExample4InterviewDisplay\SdkExample4InterviewDisplay.csproj", "{ED082531-0C8F-4CE0-8424-2821AAB6897D}"
EndProject
Project("{FAE04EC0-301F-11D3-BF4B-00C04F79EFBC}") = "SdkExample5Worksession", "SdkExample5Worksession\SdkExample5Worksession.csproj", "{C4B7669A-421D-4DFB-9D3E-2735C03E1606}"
EndProject
Project("{FAE04EC0-301F-11D3-BF4B-00C04F79EFBC}") = "SdkExample6ComponentInfo", "SdkExample6ComponentInfo\SdkExample6ComponentInfo.csproj", "{AC4FC6C7-6B08-4D62-A321-362063B40FBF}"
EndProject
Project("{FAE04EC0-301F-11D3-BF4B-00C04F79EFBC}") = "SdkExample7CloudServices", "SdkExample7CloudServices\SdkExample7CloudServices.csproj", "{93511A18-AECF-4CF6-8C8F-E5451B8CE65A}"
EndProject
Project("{FAE04EC0-301F-11D3-BF4B-00C04F79EFBC}") = "HostApplicationUploadPageExample", "HostApplicationUploadPageExample\HostApplicationUploadPageExample.csproj", "{CAC921F1-056F-445F-8478-A51892618BA2}"
EndProject
Project("{FAE04EC0-301F-11D3-BF4B-00C04F79EFBC}") = "WebServiceExample1Upload", "WebServiceExample1Upload\WebServiceExample1Upload.csproj", "{82227E1E-A69E-46FD-AC9C-FFCD9B915D1C}"
EndProject
Project("{FAE04EC0-301F-11D3-BF4B-00C04F79EFBC}") = "WebServiceExample2DocumentAssembly", "WebServiceExample2DocumentAssembly\WebServiceExample2DocumentAssembly.csproj", "{F186CD1A-99E3-4584-9EB8-8D976DCFF5BD}"
EndProject
Project("{FAE04EC0-301F-11D3-BF4B-00C04F79EFBC}") = "JavaScriptAPIExamples", "JavaScriptAPIExamples\JavaScriptAPIExamples.csproj", "{BF4813DC-FC2B-4447-BA59-F43B71621AA4}"
EndProject
Project("{FAE04EC0-301F-11D3-BF4B-00C04F79EFBC}") = "CloudServicesAPIExample2DocumentAssembly", "CloudServicesAPIExample2DocumentAssembly\CloudServicesAPIExample2DocumentAssembly.csproj", "{165BEB24-C4E4-4D2C-AFEA-61FCC1320241}"
EndProject
Project("{FAE04EC0-301F-11D3-BF4B-00C04F79EFBC}") = "WebServiceExample3InterviewDisplay", "WebServiceExample3InterviewDisplay\WebServiceExample3InterviewDisplay.csproj", "{8AC43D36-4EE1-4C72-AC82-E3C6DB8655D2}"
EndProject
Project("{FAE04EC0-301F-11D3-BF4B-00C04F79EFBC}") = "WebServiceExample4ComponentInfo", "WebServiceExample4ComponentInfo\WebServiceExample4ComponentInfo.csproj", "{F18515EA-FB50-414E-9F08-85FBB66649A9}"
EndProject
Project("{FAE04EC0-301F-11D3-BF4B-00C04F79EFBC}") = "CloudServicesAPIExample4ComponentInfo", "CloudServicesAPIExample4ComponentInfo\CloudServicesAPIExample4ComponentInfo.csproj", "{7C62B2DA-BD17-4233-885F-93F88E2990F5}"
EndProject
Project("{FAE04EC0-301F-11D3-BF4B-00C04F79EFBC}") = "SdkExample8WebServiceUpload", "..\..\..\..\Visual Studio 2013\Projects\OldWebServiceExamples\SdkExample8WebServiceUpload\SdkExample8WebServiceUpload.csproj", "{65D7996D-6668-4EB1-A3D3-3A5A3FEDA699}"
EndProject
Project("{FAE04EC0-301F-11D3-BF4B-00C04F79EFBC}") = "SdkExample9WebServiceDocumentAssembly", "..\..\..\..\Visual Studio 2013\Projects\OldWebServiceExamples\SdkExample9WebServiceDocumentAssembly\SdkExample9WebServiceDocumentAssembly.csproj", "{8831A470-271F-496D-B6E6-3257F1E85D37}"
EndProject
Project("{FAE04EC0-301F-11D3-BF4B-00C04F79EFBC}") = "SdkExample10WebServiceInterviewDisplay", "..\..\..\..\Visual Studio 2013\Projects\OldWebServiceExamples\SdkExample10WebServiceInterviewDisplay\SdkExample10WebServiceInterviewDisplay.csproj", "{68FF7AD5-91BF-429A-8407-A0094569A998}"
EndProject
Project("{FAE04EC0-301F-11D3-BF4B-00C04F79EFBC}") = "SdkExample11WebServiceComponentInfo", "..\..\..\..\Visual Studio 2013\Projects\OldWebServiceExamples\SdkExample11WebServiceComponentInfo\SdkExample11WebServiceComponentInfo.csproj", "{1F4064F5-1C78-433D-A336-F893FBCCC5B0}"
EndProject
Project("{FAE04EC0-301F-11D3-BF4B-00C04F79EFBC}") = "CloudServicesAPIExample3Interview", "CloudServicesAPIExample3Interview\CloudServicesAPIExample3Interview.csproj", "{A66D9DCC-C47A-48AD-A64C-339263375207}"
EndProject
Project("{FAE04EC0-301F-11D3-BF4B-00C04F79EFBC}") = "CloudServicesEmbeddedExampleInterview", "CloudServicesEmbeddedExampleInterview\CloudServicesEmbeddedExampleInterview.csproj", "{3CB3FF72-ED32-4BAB-817B-F45A213109B5}"
EndProject
Project("{FAE04EC0-301F-11D3-BF4B-00C04F79EFBC}") = "WebServiceExample5InterviewFile", "WebServiceExample5InterviewFile\WebServiceExample5InterviewFile.csproj", "{B196C737-5CAA-4B2A-A7D1-18A177B03F0F}"
EndProject
Project("{FAE04EC0-301F-11D3-BF4B-00C04F79EFBC}") = "CloudServicesAPIExample5InterviewFile", "CloudServicesAPIExample5InterviewFile\CloudServicesAPIExample5InterviewFile.csproj", "{083AD508-1192-48EC-BB37-DB2B6B1A72AA}"
EndProject
Project("{FAE04EC0-301F-11D3-BF4B-00C04F79EFBC}") = "CloudServicesEmbeddedAPIExample", "CloudServicesEmbeddedAPIExample\CloudServicesEmbeddedAPIExample.csproj", "{0DD858BF-3E4E-4835-85EB-F370A9EF48FC}"
EndProject
Global
	GlobalSection(SolutionConfigurationPlatforms) = preSolution
		Debug|Any CPU = Debug|Any CPU
		Release|Any CPU = Release|Any CPU
	EndGlobalSection
	GlobalSection(ProjectConfigurationPlatforms) = postSolution
		{4C7A0ED3-BBB4-4E21-A30B-177014BEFC57}.Debug|Any CPU.ActiveCfg = Debug|Any CPU
		{4C7A0ED3-BBB4-4E21-A30B-177014BEFC57}.Debug|Any CPU.Build.0 = Debug|Any CPU
		{4C7A0ED3-BBB4-4E21-A30B-177014BEFC57}.Release|Any CPU.ActiveCfg = Release|Any CPU
		{4C7A0ED3-BBB4-4E21-A30B-177014BEFC57}.Release|Any CPU.Build.0 = Release|Any CPU
		{0B4E106C-75CC-4B6C-BC61-1C156C876E4D}.Debug|Any CPU.ActiveCfg = Debug|Any CPU
		{0B4E106C-75CC-4B6C-BC61-1C156C876E4D}.Debug|Any CPU.Build.0 = Debug|Any CPU
		{0B4E106C-75CC-4B6C-BC61-1C156C876E4D}.Release|Any CPU.ActiveCfg = Release|Any CPU
		{0B4E106C-75CC-4B6C-BC61-1C156C876E4D}.Release|Any CPU.Build.0 = Release|Any CPU
		{9A701715-84A7-4D67-8D37-E887D4E27A13}.Debug|Any CPU.ActiveCfg = Debug|Any CPU
		{9A701715-84A7-4D67-8D37-E887D4E27A13}.Debug|Any CPU.Build.0 = Debug|Any CPU
		{9A701715-84A7-4D67-8D37-E887D4E27A13}.Release|Any CPU.ActiveCfg = Release|Any CPU
		{9A701715-84A7-4D67-8D37-E887D4E27A13}.Release|Any CPU.Build.0 = Release|Any CPU
		{700435AB-3BA4-4E35-96FA-511A93918627}.Debug|Any CPU.ActiveCfg = Debug|Any CPU
		{700435AB-3BA4-4E35-96FA-511A93918627}.Debug|Any CPU.Build.0 = Debug|Any CPU
		{700435AB-3BA4-4E35-96FA-511A93918627}.Release|Any CPU.ActiveCfg = Release|Any CPU
		{700435AB-3BA4-4E35-96FA-511A93918627}.Release|Any CPU.Build.0 = Release|Any CPU
		{ED082531-0C8F-4CE0-8424-2821AAB6897D}.Debug|Any CPU.ActiveCfg = Debug|Any CPU
		{ED082531-0C8F-4CE0-8424-2821AAB6897D}.Debug|Any CPU.Build.0 = Debug|Any CPU
		{ED082531-0C8F-4CE0-8424-2821AAB6897D}.Release|Any CPU.ActiveCfg = Release|Any CPU
		{ED082531-0C8F-4CE0-8424-2821AAB6897D}.Release|Any CPU.Build.0 = Release|Any CPU
		{C4B7669A-421D-4DFB-9D3E-2735C03E1606}.Debug|Any CPU.ActiveCfg = Debug|Any CPU
		{C4B7669A-421D-4DFB-9D3E-2735C03E1606}.Debug|Any CPU.Build.0 = Debug|Any CPU
		{C4B7669A-421D-4DFB-9D3E-2735C03E1606}.Release|Any CPU.ActiveCfg = Release|Any CPU
		{C4B7669A-421D-4DFB-9D3E-2735C03E1606}.Release|Any CPU.Build.0 = Release|Any CPU
		{AC4FC6C7-6B08-4D62-A321-362063B40FBF}.Debug|Any CPU.ActiveCfg = Debug|Any CPU
		{AC4FC6C7-6B08-4D62-A321-362063B40FBF}.Debug|Any CPU.Build.0 = Debug|Any CPU
		{AC4FC6C7-6B08-4D62-A321-362063B40FBF}.Release|Any CPU.ActiveCfg = Release|Any CPU
		{AC4FC6C7-6B08-4D62-A321-362063B40FBF}.Release|Any CPU.Build.0 = Release|Any CPU
		{93511A18-AECF-4CF6-8C8F-E5451B8CE65A}.Debug|Any CPU.ActiveCfg = Debug|Any CPU
		{93511A18-AECF-4CF6-8C8F-E5451B8CE65A}.Debug|Any CPU.Build.0 = Debug|Any CPU
		{93511A18-AECF-4CF6-8C8F-E5451B8CE65A}.Release|Any CPU.ActiveCfg = Release|Any CPU
		{93511A18-AECF-4CF6-8C8F-E5451B8CE65A}.Release|Any CPU.Build.0 = Release|Any CPU
		{CAC921F1-056F-445F-8478-A51892618BA2}.Debug|Any CPU.ActiveCfg = Debug|Any CPU
		{CAC921F1-056F-445F-8478-A51892618BA2}.Debug|Any CPU.Build.0 = Debug|Any CPU
		{CAC921F1-056F-445F-8478-A51892618BA2}.Release|Any CPU.ActiveCfg = Release|Any CPU
		{CAC921F1-056F-445F-8478-A51892618BA2}.Release|Any CPU.Build.0 = Release|Any CPU
		{82227E1E-A69E-46FD-AC9C-FFCD9B915D1C}.Debug|Any CPU.ActiveCfg = Debug|Any CPU
		{82227E1E-A69E-46FD-AC9C-FFCD9B915D1C}.Debug|Any CPU.Build.0 = Debug|Any CPU
		{82227E1E-A69E-46FD-AC9C-FFCD9B915D1C}.Release|Any CPU.ActiveCfg = Release|Any CPU
		{82227E1E-A69E-46FD-AC9C-FFCD9B915D1C}.Release|Any CPU.Build.0 = Release|Any CPU
		{F186CD1A-99E3-4584-9EB8-8D976DCFF5BD}.Debug|Any CPU.ActiveCfg = Debug|Any CPU
		{F186CD1A-99E3-4584-9EB8-8D976DCFF5BD}.Debug|Any CPU.Build.0 = Debug|Any CPU
		{F186CD1A-99E3-4584-9EB8-8D976DCFF5BD}.Release|Any CPU.ActiveCfg = Release|Any CPU
		{F186CD1A-99E3-4584-9EB8-8D976DCFF5BD}.Release|Any CPU.Build.0 = Release|Any CPU
		{BF4813DC-FC2B-4447-BA59-F43B71621AA4}.Debug|Any CPU.ActiveCfg = Debug|Any CPU
		{BF4813DC-FC2B-4447-BA59-F43B71621AA4}.Debug|Any CPU.Build.0 = Debug|Any CPU
		{BF4813DC-FC2B-4447-BA59-F43B71621AA4}.Release|Any CPU.ActiveCfg = Release|Any CPU
		{BF4813DC-FC2B-4447-BA59-F43B71621AA4}.Release|Any CPU.Build.0 = Release|Any CPU
		{165BEB24-C4E4-4D2C-AFEA-61FCC1320241}.Debug|Any CPU.ActiveCfg = Debug|Any CPU
		{165BEB24-C4E4-4D2C-AFEA-61FCC1320241}.Debug|Any CPU.Build.0 = Debug|Any CPU
		{165BEB24-C4E4-4D2C-AFEA-61FCC1320241}.Release|Any CPU.ActiveCfg = Release|Any CPU
		{165BEB24-C4E4-4D2C-AFEA-61FCC1320241}.Release|Any CPU.Build.0 = Release|Any CPU
		{8AC43D36-4EE1-4C72-AC82-E3C6DB8655D2}.Debug|Any CPU.ActiveCfg = Debug|Any CPU
		{8AC43D36-4EE1-4C72-AC82-E3C6DB8655D2}.Debug|Any CPU.Build.0 = Debug|Any CPU
		{8AC43D36-4EE1-4C72-AC82-E3C6DB8655D2}.Release|Any CPU.ActiveCfg = Release|Any CPU
		{8AC43D36-4EE1-4C72-AC82-E3C6DB8655D2}.Release|Any CPU.Build.0 = Release|Any CPU
		{F18515EA-FB50-414E-9F08-85FBB66649A9}.Debug|Any CPU.ActiveCfg = Debug|Any CPU
		{F18515EA-FB50-414E-9F08-85FBB66649A9}.Debug|Any CPU.Build.0 = Debug|Any CPU
		{F18515EA-FB50-414E-9F08-85FBB66649A9}.Release|Any CPU.ActiveCfg = Release|Any CPU
		{F18515EA-FB50-414E-9F08-85FBB66649A9}.Release|Any CPU.Build.0 = Release|Any CPU
		{7C62B2DA-BD17-4233-885F-93F88E2990F5}.Debug|Any CPU.ActiveCfg = Debug|Any CPU
		{7C62B2DA-BD17-4233-885F-93F88E2990F5}.Debug|Any CPU.Build.0 = Debug|Any CPU
		{7C62B2DA-BD17-4233-885F-93F88E2990F5}.Release|Any CPU.ActiveCfg = Release|Any CPU
		{7C62B2DA-BD17-4233-885F-93F88E2990F5}.Release|Any CPU.Build.0 = Release|Any CPU
		{65D7996D-6668-4EB1-A3D3-3A5A3FEDA699}.Debug|Any CPU.ActiveCfg = Debug|Any CPU
		{65D7996D-6668-4EB1-A3D3-3A5A3FEDA699}.Debug|Any CPU.Build.0 = Debug|Any CPU
		{65D7996D-6668-4EB1-A3D3-3A5A3FEDA699}.Release|Any CPU.ActiveCfg = Release|Any CPU
		{65D7996D-6668-4EB1-A3D3-3A5A3FEDA699}.Release|Any CPU.Build.0 = Release|Any CPU
		{8831A470-271F-496D-B6E6-3257F1E85D37}.Debug|Any CPU.ActiveCfg = Debug|Any CPU
		{8831A470-271F-496D-B6E6-3257F1E85D37}.Debug|Any CPU.Build.0 = Debug|Any CPU
		{8831A470-271F-496D-B6E6-3257F1E85D37}.Release|Any CPU.ActiveCfg = Release|Any CPU
		{8831A470-271F-496D-B6E6-3257F1E85D37}.Release|Any CPU.Build.0 = Release|Any CPU
		{68FF7AD5-91BF-429A-8407-A0094569A998}.Debug|Any CPU.ActiveCfg = Debug|Any CPU
		{68FF7AD5-91BF-429A-8407-A0094569A998}.Debug|Any CPU.Build.0 = Debug|Any CPU
		{68FF7AD5-91BF-429A-8407-A0094569A998}.Release|Any CPU.ActiveCfg = Release|Any CPU
		{68FF7AD5-91BF-429A-8407-A0094569A998}.Release|Any CPU.Build.0 = Release|Any CPU
		{1F4064F5-1C78-433D-A336-F893FBCCC5B0}.Debug|Any CPU.ActiveCfg = Debug|Any CPU
		{1F4064F5-1C78-433D-A336-F893FBCCC5B0}.Debug|Any CPU.Build.0 = Debug|Any CPU
		{1F4064F5-1C78-433D-A336-F893FBCCC5B0}.Release|Any CPU.ActiveCfg = Release|Any CPU
		{1F4064F5-1C78-433D-A336-F893FBCCC5B0}.Release|Any CPU.Build.0 = Release|Any CPU
		{A66D9DCC-C47A-48AD-A64C-339263375207}.Debug|Any CPU.ActiveCfg = Debug|Any CPU
		{A66D9DCC-C47A-48AD-A64C-339263375207}.Debug|Any CPU.Build.0 = Debug|Any CPU
		{A66D9DCC-C47A-48AD-A64C-339263375207}.Release|Any CPU.ActiveCfg = Release|Any CPU
		{A66D9DCC-C47A-48AD-A64C-339263375207}.Release|Any CPU.Build.0 = Release|Any CPU
		{3CB3FF72-ED32-4BAB-817B-F45A213109B5}.Debug|Any CPU.ActiveCfg = Debug|Any CPU
		{3CB3FF72-ED32-4BAB-817B-F45A213109B5}.Debug|Any CPU.Build.0 = Debug|Any CPU
		{3CB3FF72-ED32-4BAB-817B-F45A213109B5}.Release|Any CPU.ActiveCfg = Release|Any CPU
		{3CB3FF72-ED32-4BAB-817B-F45A213109B5}.Release|Any CPU.Build.0 = Release|Any CPU
		{B196C737-5CAA-4B2A-A7D1-18A177B03F0F}.Debug|Any CPU.ActiveCfg = Debug|Any CPU
		{B196C737-5CAA-4B2A-A7D1-18A177B03F0F}.Debug|Any CPU.Build.0 = Debug|Any CPU
		{B196C737-5CAA-4B2A-A7D1-18A177B03F0F}.Release|Any CPU.ActiveCfg = Release|Any CPU
		{B196C737-5CAA-4B2A-A7D1-18A177B03F0F}.Release|Any CPU.Build.0 = Release|Any CPU
		{083AD508-1192-48EC-BB37-DB2B6B1A72AA}.Debug|Any CPU.ActiveCfg = Debug|Any CPU
		{083AD508-1192-48EC-BB37-DB2B6B1A72AA}.Debug|Any CPU.Build.0 = Debug|Any CPU
		{083AD508-1192-48EC-BB37-DB2B6B1A72AA}.Release|Any CPU.ActiveCfg = Release|Any CPU
		{083AD508-1192-48EC-BB37-DB2B6B1A72AA}.Release|Any CPU.Build.0 = Release|Any CPU
		{0DD858BF-3E4E-4835-85EB-F370A9EF48FC}.Debug|Any CPU.ActiveCfg = Debug|Any CPU
		{0DD858BF-3E4E-4835-85EB-F370A9EF48FC}.Debug|Any CPU.Build.0 = Debug|Any CPU
		{0DD858BF-3E4E-4835-85EB-F370A9EF48FC}.Release|Any CPU.ActiveCfg = Release|Any CPU
		{0DD858BF-3E4E-4835-85EB-F370A9EF48FC}.Release|Any CPU.Build.0 = Release|Any CPU
	EndGlobalSection
	GlobalSection(SolutionProperties) = preSolution
		HideSolutionNode = FALSE
	EndGlobalSection
EndGlobal
