
Microsoft Visual Studio Solution File, Format Version 12.00
# Visual Studio 2013
VisualStudioVersion = 12.0.31101.0
MinimumVisualStudioVersion = 10.0.40219.1
Project("{FAE04EC0-301F-11D3-BF4B-00C04F79EFBC}") = "SdkExample10", "SdkExample10\SdkExample10.csproj", "{F186CD1A-99E3-4584-9EB8-8D976DCFF5BD}"
EndProject
Project("{FAE04EC0-301F-11D3-BF4B-00C04F79EFBC}") = "SdkExample9", "SdkExample9\SdkExample9.csproj", "{82227E1E-A69E-46FD-AC9C-FFCD9B915D1C}"
EndProject
Project("{FAE04EC0-301F-11D3-BF4B-00C04F79EFBC}") = "SdkExample11", "SdkExample11\SdkExample11.csproj", "{8AC43D36-4EE1-4C72-AC82-E3C6DB8655D2}"
EndProject
Project("{FAE04EC0-301F-11D3-BF4B-00C04F79EFBC}") = "SdkExample12", "SdkExample12\SdkExample12.csproj", "{F18515EA-FB50-414E-9F08-85FBB66649A9}"
EndProject
Global
	GlobalSection(SolutionConfigurationPlatforms) = preSolution
		Debug|Any CPU = Debug|Any CPU
		Release|Any CPU = Release|Any CPU
	EndGlobalSection
	GlobalSection(ProjectConfigurationPlatforms) = postSolution
		{F186CD1A-99E3-4584-9EB8-8D976DCFF5BD}.Debug|Any CPU.ActiveCfg = Debug|Any CPU
		{F186CD1A-99E3-4584-9EB8-8D976DCFF5BD}.Debug|Any CPU.Build.0 = Debug|Any CPU
		{F186CD1A-99E3-4584-9EB8-8D976DCFF5BD}.Release|Any CPU.ActiveCfg = Release|Any CPU
		{F186CD1A-99E3-4584-9EB8-8D976DCFF5BD}.Release|Any CPU.Build.0 = Release|Any CPU
		{82227E1E-A69E-46FD-AC9C-FFCD9B915D1C}.Debug|Any CPU.ActiveCfg = Debug|Any CPU
		{82227E1E-A69E-46FD-AC9C-FFCD9B915D1C}.Debug|Any CPU.Build.0 = Debug|Any CPU
		{82227E1E-A69E-46FD-AC9C-FFCD9B915D1C}.Release|Any CPU.ActiveCfg = Release|Any CPU
		{82227E1E-A69E-46FD-AC9C-FFCD9B915D1C}.Release|Any CPU.Build.0 = Release|Any CPU
		{8AC43D36-4EE1-4C72-AC82-E3C6DB8655D2}.Debug|Any CPU.ActiveCfg = Debug|Any CPU
		{8AC43D36-4EE1-4C72-AC82-E3C6DB8655D2}.Debug|Any CPU.Build.0 = Debug|Any CPU
		{8AC43D36-4EE1-4C72-AC82-E3C6DB8655D2}.Release|Any CPU.ActiveCfg = Release|Any CPU
		{8AC43D36-4EE1-4C72-AC82-E3C6DB8655D2}.Release|Any CPU.Build.0 = Release|Any CPU
		{F18515EA-FB50-414E-9F08-85FBB66649A9}.Debug|Any CPU.ActiveCfg = Debug|Any CPU
		{F18515EA-FB50-414E-9F08-85FBB66649A9}.Debug|Any CPU.Build.0 = Debug|Any CPU
		{F18515EA-FB50-414E-9F08-85FBB66649A9}.Release|Any CPU.ActiveCfg = Release|Any CPU
		{F18515EA-FB50-414E-9F08-85FBB66649A9}.Release|Any CPU.Build.0 = Release|Any CPU
	EndGlobalSection
	GlobalSection(SolutionProperties) = preSolution
		HideSolutionNode = FALSE
	EndGlobalSection
EndGlobal
